{
  "version": 1,
  "dependencies": {
    "net8.0-windows7.0": {
      "DalamudPackager": {
        "type": "Direct",
        "requested": "[11.0.0, )",
        "resolved": "11.0.0",
        "contentHash": "bjT7XUlhIJSmsE/O76b7weUX+evvGQctbQB8aKXt94o+oPWxHpCepxAGMs7Thow3AzCyqWs7cOpp9/2wcgRRQA=="
      },
      "Fastenshtein": {
        "type": "Direct",
        "requested": "[1.0.10, )",
        "resolved": "1.0.10",
        "contentHash": "fZ5DKypgdTkwfchV4fZ5OFFGYu49B8YbUMr6hN6Azl7IziIsyKARqdU3EZt/oQJyV71eQxpY9jL2J1tXb2gvlQ=="
      },
      "LinearAssignment": {
        "type": "Direct",
        "requested": "[1.2.0, )",
        "resolved": "1.2.0",
        "contentHash": "KawnZ+ikYRCiiuKFRhtNs2mC+kLiD+bqIpsQyTxroYCN8kuet/RZL1354T+9e9q4J0yOiGSbZUUrMJGw7InkIg=="
      },
      "Lumina": {
        "type": "Direct",
        "requested": "[5.5.0, )",
        "resolved": "5.5.0",
        "contentHash": "riVvUZnznSS9c4VK0UrO/bykmrxZ8z44IMdXVV0xt6IIyipMlHq7SthHJy8QjsvKp3TLMWXv/xopNk95QAocpg==",
        "dependencies": {
          "Microsoft.Extensions.ObjectPool": "8.0.7"
        }
      },
      "Lumina.Generated": {
        "type": "Direct",
        "requested": "[5.30.2, )",
        "resolved": "5.30.2",
        "contentHash": "mteXbT2nLs5l2d+8tCiVedhwPjdgkMutZHiEFk44rt/1rVuv/xuq8OrO+zrHZ/WeQ9JNQTI+Eei7elLRPGn3Ig==",
        "dependencies": {
          "Lumina": "2.1.1"
        }
      },
      "Microsoft.Extensions.ObjectPool": {
        "type": "Direct",
        "requested": "[9.0.0, )",
        "resolved": "9.0.0",
        "contentHash": "UbsU/gYe4nv1DeqMXIVzDfNNek7Sk2kKuAOXL/Y+sLcAR0HwFUqzg1EPiU88jeHNe0g81aPvvHbvHarQr3r9IA=="
      }
    }
  }
}